
Microsoft Visual Studio Solution File, Format Version 12.00
# Visual Studio Version 17
VisualStudioVersion = 17.5.33530.505
MinimumVisualStudioVersion = 10.0.40219.1
Project("{FAE04EC0-301F-11D3-BF4B-00C04F79EFBC}") = "ServiceModelServer", "GrpcCandidate\ServiceModelServer.csproj", "{D6F53CD5-C4CB-4C89-9DE4-730EBCA27D62}"
EndProject
Project("{FAE04EC0-301F-11D3-BF4B-00C04F79EFBC}") = "ServiceModelClient", "ServiceModelClient\ServiceModelClient.csproj", "{9A9D69B7-7B66-4D01-8E90-D8F13961B481}"
EndProject
Project("{FAE04EC0-301F-11D3-BF4B-00C04F79EFBC}") = "Shared", "Shared\Shared.csproj", "{0E313CC2-D1EF-4C92-A572-E15ABE4E9B11}"
EndProject
Global
	GlobalSection(SolutionConfigurationPlatforms) = preSolution
		Debug|Any CPU = Debug|Any CPU
		Release|Any CPU = Release|Any CPU
	EndGlobalSection
	GlobalSection(ProjectConfigurationPlatforms) = postSolution
		{D6F53CD5-C4CB-4C89-9DE4-730EBCA27D62}.Debug|Any CPU.ActiveCfg = Debug|Any CPU
		{D6F53CD5-C4CB-4C89-9DE4-730EBCA27D62}.Debug|Any CPU.Build.0 = Debug|Any CPU
		{D6F53CD5-C4CB-4C89-9DE4-730EBCA27D62}.Release|Any CPU.ActiveCfg = Release|Any CPU
		{D6F53CD5-C4CB-4C89-9DE4-730EBCA27D62}.Release|Any CPU.Build.0 = Release|Any CPU
		{9A9D69B7-7B66-4D01-8E90-D8F13961B481}.Debug|Any CPU.ActiveCfg = Debug|Any CPU
		{9A9D69B7-7B66-4D01-8E90-D8F13961B481}.Debug|Any CPU.Build.0 = Debug|Any CPU
		{9A9D69B7-7B66-4D01-8E90-D8F13961B481}.Release|Any CPU.ActiveCfg = Release|Any CPU
		{9A9D69B7-7B66-4D01-8E90-D8F13961B481}.Release|Any CPU.Build.0 = Release|Any CPU
		{0E313CC2-D1EF-4C92-A572-E15ABE4E9B11}.Debug|Any CPU.ActiveCfg = Debug|Any CPU
		{0E313CC2-D1EF-4C92-A572-E15ABE4E9B11}.Debug|Any CPU.Build.0 = Debug|Any CPU
		{0E313CC2-D1EF-4C92-A572-E15ABE4E9B11}.Release|Any CPU.ActiveCfg = Release|Any CPU
		{0E313CC2-D1EF-4C92-A572-E15ABE4E9B11}.Release|Any CPU.Build.0 = Release|Any CPU
	EndGlobalSection
	GlobalSection(SolutionProperties) = preSolution
		HideSolutionNode = FALSE
	EndGlobalSection
	GlobalSection(ExtensibilityGlobals) = postSolution
		SolutionGuid = {0C9FC456-2E3C-4957-9773-FAEB0D3044F9}
	EndGlobalSection
EndGlobal
